
Microsoft Visual Studio Solution File, Format Version 12.00
# Visual Studio Version 17
VisualStudioVersion = 17.4.33205.214
MinimumVisualStudioVersion = 10.0.40219.1
Project("{FAE04EC0-301F-11D3-BF4B-00C04F79EFBC}") = "ChitChat", "ChitChat\ChitChat.csproj", "{1AEB06B2-5677-41A9-B4FA-44C41439C1B2}"
EndProject
Global
	GlobalSection(SolutionConfigurationPlatforms) = preSolution
		Debug|Any CPU = Debug|Any CPU
		Release|Any CPU = Release|Any CPU
	EndGlobalSection
	GlobalSection(ProjectConfigurationPlatforms) = postSolution
		{1AEB06B2-5677-41A9-B4FA-44C41439C1B2}.Debug|Any CPU.ActiveCfg = Debug|Any CPU
		{1AEB06B2-5677-41A9-B4FA-44C41439C1B2}.Debug|Any CPU.Build.0 = Debug|Any CPU
		{1AEB06B2-5677-41A9-B4FA-44C41439C1B2}.Release|Any CPU.ActiveCfg = Release|Any CPU
		{1AEB06B2-5677-41A9-B4FA-44C41439C1B2}.Release|Any CPU.Build.0 = Release|Any CPU
	EndGlobalSection
	GlobalSection(SolutionProperties) = preSolution
		HideSolutionNode = FALSE
	EndGlobalSection
	GlobalSection(ExtensibilityGlobals) = postSolution
		SolutionGuid = {445BB571-AB79-4975-9309-971D624E92F8}
	EndGlobalSection
EndGlobal
